// !$*UTF8*$!
{
	archiveVersion = 1;
	classes = {
	};
	objectVersion = 46;
	objects = {

/* Begin PBXBuildFile section */
		2995F8691CBBDF27005B540C /* AppDelegate.swift in Sources */ = {isa = PBXBuildFile; fileRef = 2995F8681CBBDF27005B540C /* AppDelegate.swift */; };
		2995F86B1CBBDF27005B540C /* ViewController.swift in Sources */ = {isa = PBXBuildFile; fileRef = 2995F86A1CBBDF27005B540C /* ViewController.swift */; };
		2995F86D1CBBDF27005B540C /* Assets.xcassets in Resources */ = {isa = PBXBuildFile; fileRef = 2995F86C1CBBDF27005B540C /* Assets.xcassets */; };
		2995F8701CBBDF27005B540C /* Main.storyboard in Resources */ = {isa = PBXBuildFile; fileRef = 2995F86E1CBBDF27005B540C /* Main.storyboard */; };
		2995F87B1CBBDF27005B540C /* SwiftPadTests.swift in Sources */ = {isa = PBXBuildFile; fileRef = 2995F87A1CBBDF27005B540C /* SwiftPadTests.swift */; };
		2995F8861CBBDF27005B540C /* SwiftPadUITests.swift in Sources */ = {isa = PBXBuildFile; fileRef = 2995F8851CBBDF27005B540C /* SwiftPadUITests.swift */; };
		29EB79021CBC4A93008A5C63 /* RulerView.swift in Sources */ = {isa = PBXBuildFile; fileRef = 29EB78FE1CBC4A93008A5C63 /* RulerView.swift */; };
		29EB79031CBC4A93008A5C63 /* TextView.swift in Sources */ = {isa = PBXBuildFile; fileRef = 29EB78FF1CBC4A93008A5C63 /* TextView.swift */; };
		29EB79041CBC4A93008A5C63 /* SyntaxHighlighter.swift in Sources */ = {isa = PBXBuildFile; fileRef = 29EB79011CBC4A93008A5C63 /* SyntaxHighlighter.swift */; };
		29EB790A1CBC57FA008A5C63 /* SyntaxKind.swift in Sources */ = {isa = PBXBuildFile; fileRef = 29EB79091CBC57FA008A5C63 /* SyntaxKind.swift */; };
		29EB790D1CBC5890008A5C63 /* AppConstants.swift in Sources */ = {isa = PBXBuildFile; fileRef = 29EB790C1CBC5890008A5C63 /* AppConstants.swift */; };
		29EB79101CBC58D5008A5C63 /* Token.swift in Sources */ = {isa = PBXBuildFile; fileRef = 29EB790F1CBC58D5008A5C63 /* Token.swift */; };
/* End PBXBuildFile section */

/* Begin PBXContainerItemProxy section */
		2995F8771CBBDF27005B540C /* PBXContainerItemProxy */ = {
			isa = PBXContainerItemProxy;
			containerPortal = 2995F85D1CBBDF27005B540C /* Project object */;
			proxyType = 1;
			remoteGlobalIDString = 2995F8641CBBDF27005B540C;
			remoteInfo = SwiftPad;
		};
		2995F8821CBBDF27005B540C /* PBXContainerItemProxy */ = {
			isa = PBXContainerItemProxy;
			containerPortal = 2995F85D1CBBDF27005B540C /* Project object */;
			proxyType = 1;
			remoteGlobalIDString = 2995F8641CBBDF27005B540C;
			remoteInfo = SwiftPad;
		};
/* End PBXContainerItemProxy section */

/* Begin PBXFileReference section */
		2995F8651CBBDF27005B540C /* SwiftPad.app */ = {isa = PBXFileReference; explicitFileType = wrapper.application; includeInIndex = 0; path = SwiftPad.app; sourceTree = BUILT_PRODUCTS_DIR; };
		2995F8681CBBDF27005B540C /* AppDelegate.swift */ = {isa = PBXFileReference; lastKnownFileType = sourcecode.swift; path = AppDelegate.swift; sourceTree = "<group>"; };
		2995F86A1CBBDF27005B540C /* ViewController.swift */ = {isa = PBXFileReference; lastKnownFileType = sourcecode.swift; path = ViewController.swift; sourceTree = "<group>"; };
		2995F86C1CBBDF27005B540C /* Assets.xcassets */ = {isa = PBXFileReference; lastKnownFileType = folder.assetcatalog; path = Assets.xcassets; sourceTree = "<group>"; };
		2995F86F1CBBDF27005B540C /* Base */ = {isa = PBXFileReference; lastKnownFileType = file.storyboard; name = Base; path = Base.lproj/Main.storyboard; sourceTree = "<group>"; };
		2995F8711CBBDF27005B540C /* Info.plist */ = {isa = PBXFileReference; lastKnownFileType = text.plist.xml; path = Info.plist; sourceTree = "<group>"; };
		2995F8761CBBDF27005B540C /* SwiftPadTests.xctest */ = {isa = PBXFileReference; explicitFileType = wrapper.cfbundle; includeInIndex = 0; path = SwiftPadTests.xctest; sourceTree = BUILT_PRODUCTS_DIR; };
		2995F87A1CBBDF27005B540C /* SwiftPadTests.swift */ = {isa = PBXFileReference; lastKnownFileType = sourcecode.swift; path = SwiftPadTests.swift; sourceTree = "<group>"; };
		2995F87C1CBBDF27005B540C /* Info.plist */ = {isa = PBXFileReference; lastKnownFileType = text.plist.xml; path = Info.plist; sourceTree = "<group>"; };
		2995F8811CBBDF27005B540C /* SwiftPadUITests.xctest */ = {isa = PBXFileReference; explicitFileType = wrapper.cfbundle; includeInIndex = 0; path = SwiftPadUITests.xctest; sourceTree = BUILT_PRODUCTS_DIR; };
		2995F8851CBBDF27005B540C /* SwiftPadUITests.swift */ = {isa = PBXFileReference; lastKnownFileType = sourcecode.swift; path = SwiftPadUITests.swift; sourceTree = "<group>"; };
		2995F8871CBBDF27005B540C /* Info.plist */ = {isa = PBXFileReference; lastKnownFileType = text.plist.xml; path = Info.plist; sourceTree = "<group>"; };
		29EB78FE1CBC4A93008A5C63 /* RulerView.swift */ = {isa = PBXFileReference; fileEncoding = 4; lastKnownFileType = sourcecode.swift; path = RulerView.swift; sourceTree = "<group>"; };
		29EB78FF1CBC4A93008A5C63 /* TextView.swift */ = {isa = PBXFileReference; fileEncoding = 4; lastKnownFileType = sourcecode.swift; path = TextView.swift; sourceTree = "<group>"; };
		29EB79011CBC4A93008A5C63 /* SyntaxHighlighter.swift */ = {isa = PBXFileReference; fileEncoding = 4; lastKnownFileType = sourcecode.swift; path = SyntaxHighlighter.swift; sourceTree = "<group>"; };
		29EB79091CBC57FA008A5C63 /* SyntaxKind.swift */ = {isa = PBXFileReference; fileEncoding = 4; lastKnownFileType = sourcecode.swift; path = SyntaxKind.swift; sourceTree = "<group>"; };
		29EB790C1CBC5890008A5C63 /* AppConstants.swift */ = {isa = PBXFileReference; fileEncoding = 4; lastKnownFileType = sourcecode.swift; path = AppConstants.swift; sourceTree = "<group>"; };
		29EB790F1CBC58D5008A5C63 /* Token.swift */ = {isa = PBXFileReference; fileEncoding = 4; lastKnownFileType = sourcecode.swift; path = Token.swift; sourceTree = "<group>"; };
/* End PBXFileReference section */

/* Begin PBXFrameworksBuildPhase section */
		2995F8621CBBDF27005B540C /* Frameworks */ = {
			isa = PBXFrameworksBuildPhase;
			buildActionMask = 2147483647;
			files = (
			);
			runOnlyForDeploymentPostprocessing = 0;
		};
		2995F8731CBBDF27005B540C /* Frameworks */ = {
			isa = PBXFrameworksBuildPhase;
			buildActionMask = 2147483647;
			files = (
			);
			runOnlyForDeploymentPostprocessing = 0;
		};
		2995F87E1CBBDF27005B540C /* Frameworks */ = {
			isa = PBXFrameworksBuildPhase;
			buildActionMask = 2147483647;
			files = (
			);
			runOnlyForDeploymentPostprocessing = 0;
		};
/* End PBXFrameworksBuildPhase section */

/* Begin PBXGroup section */
		2995F85C1CBBDF27005B540C = {
			isa = PBXGroup;
			children = (
				2995F8671CBBDF27005B540C /* SwiftPad */,
				2995F8791CBBDF27005B540C /* SwiftPadTests */,
				2995F8841CBBDF27005B540C /* SwiftPadUITests */,
				2995F8661CBBDF27005B540C /* Products */,
			);
			sourceTree = "<group>";
		};
		2995F8661CBBDF27005B540C /* Products */ = {
			isa = PBXGroup;
			children = (
				2995F8651CBBDF27005B540C /* SwiftPad.app */,
				2995F8761CBBDF27005B540C /* SwiftPadTests.xctest */,
				2995F8811CBBDF27005B540C /* SwiftPadUITests.xctest */,
			);
			name = Products;
			sourceTree = "<group>";
		};
		2995F8671CBBDF27005B540C /* SwiftPad */ = {
			isa = PBXGroup;
			children = (
				29EB78FD1CBC4A93008A5C63 /* Editor */,
				29EB79001CBC4A93008A5C63 /* Syntax Highlighter */,
				2995F8681CBBDF27005B540C /* AppDelegate.swift */,
				2995F86A1CBBDF27005B540C /* ViewController.swift */,
				2995F86C1CBBDF27005B540C /* Assets.xcassets */,
				2995F86E1CBBDF27005B540C /* Main.storyboard */,
				2995F8711CBBDF27005B540C /* Info.plist */,
			);
			path = SwiftPad;
			sourceTree = "<group>";
		};
		2995F8791CBBDF27005B540C /* SwiftPadTests */ = {
			isa = PBXGroup;
			children = (
				2995F87A1CBBDF27005B540C /* SwiftPadTests.swift */,
				2995F87C1CBBDF27005B540C /* Info.plist */,
			);
			path = SwiftPadTests;
			sourceTree = "<group>";
		};
		2995F8841CBBDF27005B540C /* SwiftPadUITests */ = {
			isa = PBXGroup;
			children = (
				2995F8851CBBDF27005B540C /* SwiftPadUITests.swift */,
				2995F8871CBBDF27005B540C /* Info.plist */,
			);
			path = SwiftPadUITests;
			sourceTree = "<group>";
		};
		29EB78FD1CBC4A93008A5C63 /* Editor */ = {
			isa = PBXGroup;
			children = (
				29EB78FE1CBC4A93008A5C63 /* RulerView.swift */,
				29EB78FF1CBC4A93008A5C63 /* TextView.swift */,
			);
			path = Editor;
			sourceTree = "<group>";
		};
		29EB79001CBC4A93008A5C63 /* Syntax Highlighter */ = {
			isa = PBXGroup;
			children = (
				29EB790E1CBC589C008A5C63 /* Structs */,
				29EB790B1CBC5872008A5C63 /* Constants */,
				29EB79081CBC57CC008A5C63 /* Enums */,
				29EB79011CBC4A93008A5C63 /* SyntaxHighlighter.swift */,
			);
			path = "Syntax Highlighter";
			sourceTree = "<group>";
		};
		29EB79081CBC57CC008A5C63 /* Enums */ = {
			isa = PBXGroup;
			children = (
				29EB79091CBC57FA008A5C63 /* SyntaxKind.swift */,
			);
			path = Enums;
			sourceTree = "<group>";
		};
		29EB790B1CBC5872008A5C63 /* Constants */ = {
			isa = PBXGroup;
			children = (
				29EB790C1CBC5890008A5C63 /* AppConstants.swift */,
			);
			path = Constants;
			sourceTree = "<group>";
		};
		29EB790E1CBC589C008A5C63 /* Structs */ = {
			isa = PBXGroup;
			children = (
				29EB790F1CBC58D5008A5C63 /* Token.swift */,
			);
			path = Structs;
			sourceTree = "<group>";
		};
/* End PBXGroup section */

/* Begin PBXNativeTarget section */
		2995F8641CBBDF27005B540C /* SwiftPad */ = {
			isa = PBXNativeTarget;
			buildConfigurationList = 2995F88A1CBBDF27005B540C /* Build configuration list for PBXNativeTarget "SwiftPad" */;
			buildPhases = (
				2995F8611CBBDF27005B540C /* Sources */,
				2995F8621CBBDF27005B540C /* Frameworks */,
				2995F8631CBBDF27005B540C /* Resources */,
			);
			buildRules = (
			);
			dependencies = (
			);
			name = SwiftPad;
			productName = SwiftPad;
			productReference = 2995F8651CBBDF27005B540C /* SwiftPad.app */;
			productType = "com.apple.product-type.application";
		};
		2995F8751CBBDF27005B540C /* SwiftPadTests */ = {
			isa = PBXNativeTarget;
			buildConfigurationList = 2995F88D1CBBDF27005B540C /* Build configuration list for PBXNativeTarget "SwiftPadTests" */;
			buildPhases = (
				2995F8721CBBDF27005B540C /* Sources */,
				2995F8731CBBDF27005B540C /* Frameworks */,
				2995F8741CBBDF27005B540C /* Resources */,
			);
			buildRules = (
			);
			dependencies = (
				2995F8781CBBDF27005B540C /* PBXTargetDependency */,
			);
			name = SwiftPadTests;
			productName = SwiftPadTests;
			productReference = 2995F8761CBBDF27005B540C /* SwiftPadTests.xctest */;
			productType = "com.apple.product-type.bundle.unit-test";
		};
		2995F8801CBBDF27005B540C /* SwiftPadUITests */ = {
			isa = PBXNativeTarget;
			buildConfigurationList = 2995F8901CBBDF27005B540C /* Build configuration list for PBXNativeTarget "SwiftPadUITests" */;
			buildPhases = (
				2995F87D1CBBDF27005B540C /* Sources */,
				2995F87E1CBBDF27005B540C /* Frameworks */,
				2995F87F1CBBDF27005B540C /* Resources */,
			);
			buildRules = (
			);
			dependencies = (
				2995F8831CBBDF27005B540C /* PBXTargetDependency */,
			);
			name = SwiftPadUITests;
			productName = SwiftPadUITests;
			productReference = 2995F8811CBBDF27005B540C /* SwiftPadUITests.xctest */;
			productType = "com.apple.product-type.bundle.ui-testing";
		};
/* End PBXNativeTarget section */

/* Begin PBXProject section */
		2995F85D1CBBDF27005B540C /* Project object */ = {
			isa = PBXProject;
			attributes = {
				LastSwiftUpdateCheck = 0720;
				LastUpgradeCheck = 0720;
				ORGANIZATIONNAME = smapps;
				TargetAttributes = {
					2995F8641CBBDF27005B540C = {
						CreatedOnToolsVersion = 7.2;
					};
					2995F8751CBBDF27005B540C = {
						CreatedOnToolsVersion = 7.2;
						TestTargetID = 2995F8641CBBDF27005B540C;
					};
					2995F8801CBBDF27005B540C = {
						CreatedOnToolsVersion = 7.2;
						TestTargetID = 2995F8641CBBDF27005B540C;
					};
				};
			};
			buildConfigurationList = 2995F8601CBBDF27005B540C /* Build configuration list for PBXProject "SwiftPad" */;
			compatibilityVersion = "Xcode 3.2";
			developmentRegion = English;
			hasScannedForEncodings = 0;
			knownRegions = (
				en,
				Base,
			);
			mainGroup = 2995F85C1CBBDF27005B540C;
			productRefGroup = 2995F8661CBBDF27005B540C /* Products */;
			projectDirPath = "";
			projectRoot = "";
			targets = (
				2995F8641CBBDF27005B540C /* SwiftPad */,
				2995F8751CBBDF27005B540C /* SwiftPadTests */,
				2995F8801CBBDF27005B540C /* SwiftPadUITests */,
			);
		};
/* End PBXProject section */

/* Begin PBXResourcesBuildPhase section */
		2995F8631CBBDF27005B540C /* Resources */ = {
			isa = PBXResourcesBuildPhase;
			buildActionMask = 2147483647;
			files = (
				2995F86D1CBBDF27005B540C /* Assets.xcassets in Resources */,
				2995F8701CBBDF27005B540C /* Main.storyboard in Resources */,
			);
			runOnlyForDeploymentPostprocessing = 0;
		};
		2995F8741CBBDF27005B540C /* Resources */ = {
			isa = PBXResourcesBuildPhase;
			buildActionMask = 2147483647;
			files = (
			);
			runOnlyForDeploymentPostprocessing = 0;
		};
		2995F87F1CBBDF27005B540C /* Resources */ = {
			isa = PBXResourcesBuildPhase;
			buildActionMask = 2147483647;
			files = (
			);
			runOnlyForDeploymentPostprocessing = 0;
		};
/* End PBXResourcesBuildPhase section */

/* Begin PBXSourcesBuildPhase section */
		2995F8611CBBDF27005B540C /* Sources */ = {
			isa = PBXSourcesBuildPhase;
			buildActionMask = 2147483647;
			files = (
				2995F86B1CBBDF27005B540C /* ViewController.swift in Sources */,
				29EB79041CBC4A93008A5C63 /* SyntaxHighlighter.swift in Sources */,
				29EB79031CBC4A93008A5C63 /* TextView.swift in Sources */,
				29EB79021CBC4A93008A5C63 /* RulerView.swift in Sources */,
				29EB790D1CBC5890008A5C63 /* AppConstants.swift in Sources */,
				29EB790A1CBC57FA008A5C63 /* SyntaxKind.swift in Sources */,
				2995F8691CBBDF27005B540C /* AppDelegate.swift in Sources */,
				29EB79101CBC58D5008A5C63 /* Token.swift in Sources */,
			);
			runOnlyForDeploymentPostprocessing = 0;
		};
		2995F8721CBBDF27005B540C /* Sources */ = {
			isa = PBXSourcesBuildPhase;
			buildActionMask = 2147483647;
			files = (
				2995F87B1CBBDF27005B540C /* SwiftPadTests.swift in Sources */,
			);
			runOnlyForDeploymentPostprocessing = 0;
		};
		2995F87D1CBBDF27005B540C /* Sources */ = {
			isa = PBXSourcesBuildPhase;
			buildActionMask = 2147483647;
			files = (
				2995F8861CBBDF27005B540C /* SwiftPadUITests.swift in Sources */,
			);
			runOnlyForDeploymentPostprocessing = 0;
		};
/* End PBXSourcesBuildPhase section */

/* Begin PBXTargetDependency section */
		2995F8781CBBDF27005B540C /* PBXTargetDependency */ = {
			isa = PBXTargetDependency;
			target = 2995F8641CBBDF27005B540C /* SwiftPad */;
			targetProxy = 2995F8771CBBDF27005B540C /* PBXContainerItemProxy */;
		};
		2995F8831CBBDF27005B540C /* PBXTargetDependency */ = {
			isa = PBXTargetDependency;
			target = 2995F8641CBBDF27005B540C /* SwiftPad */;
			targetProxy = 2995F8821CBBDF27005B540C /* PBXContainerItemProxy */;
		};
/* End PBXTargetDependency section */

/* Begin PBXVariantGroup section */
		2995F86E1CBBDF27005B540C /* Main.storyboard */ = {
			isa = PBXVariantGroup;
			children = (
				2995F86F1CBBDF27005B540C /* Base */,
			);
			name = Main.storyboard;
			sourceTree = "<group>";
		};
/* End PBXVariantGroup section */

/* Begin XCBuildConfiguration section */
		2995F8881CBBDF27005B540C /* Debug */ = {
			isa = XCBuildConfiguration;
			buildSettings = {
				ALWAYS_SEARCH_USER_PATHS = NO;
				CLANG_CXX_LANGUAGE_STANDARD = "gnu++0x";
				CLANG_CXX_LIBRARY = "libc++";
				CLANG_ENABLE_MODULES = YES;
				CLANG_ENABLE_OBJC_ARC = YES;
				CLANG_WARN_BOOL_CONVERSION = YES;
				CLANG_WARN_CONSTANT_CONVERSION = YES;
				CLANG_WARN_DIRECT_OBJC_ISA_USAGE = YES_ERROR;
				CLANG_WARN_EMPTY_BODY = YES;
				CLANG_WARN_ENUM_CONVERSION = YES;
				CLANG_WARN_INT_CONVERSION = YES;
				CLANG_WARN_OBJC_ROOT_CLASS = YES_ERROR;
				CLANG_WARN_UNREACHABLE_CODE = YES;
				CLANG_WARN__DUPLICATE_METHOD_MATCH = YES;
				CODE_SIGN_IDENTITY = "-";
				COPY_PHASE_STRIP = NO;
				DEBUG_INFORMATION_FORMAT = dwarf;
				ENABLE_STRICT_OBJC_MSGSEND = YES;
				ENABLE_TESTABILITY = YES;
				GCC_C_LANGUAGE_STANDARD = gnu99;
				GCC_DYNAMIC_NO_PIC = NO;
				GCC_NO_COMMON_BLOCKS = YES;
				GCC_OPTIMIZATION_LEVEL = 0;
				GCC_PREPROCESSOR_DEFINITIONS = (
					"DEBUG=1",
					"$(inherited)",
				);
				GCC_WARN_64_TO_32_BIT_CONVERSION = YES;
				GCC_WARN_ABOUT_RETURN_TYPE = YES_ERROR;
				GCC_WARN_UNDECLARED_SELECTOR = YES;
				GCC_WARN_UNINITIALIZED_AUTOS = YES_AGGRESSIVE;
				GCC_WARN_UNUSED_FUNCTION = YES;
				GCC_WARN_UNUSED_VARIABLE = YES;
				MACOSX_DEPLOYMENT_TARGET = 10.10;
				MTL_ENABLE_DEBUG_INFO = YES;
				ONLY_ACTIVE_ARCH = YES;
				SDKROOT = macosx;
				SWIFT_OPTIMIZATION_LEVEL = "-Onone";
			};
			name = Debug;
		};
		2995F8891CBBDF27005B540C /* Release */ = {
			isa = XCBuildConfiguration;
			buildSettings = {
				ALWAYS_SEARCH_USER_PATHS = NO;
				CLANG_CXX_LANGUAGE_STANDARD = "gnu++0x";
				CLANG_CXX_LIBRARY = "libc++";
				CLANG_ENABLE_MODULES = YES;
				CLANG_ENABLE_OBJC_ARC = YES;
				CLANG_WARN_BOOL_CONVERSION = YES;
				CLANG_WARN_CONSTANT_CONVERSION = YES;
				CLANG_WARN_DIRECT_OBJC_ISA_USAGE = YES_ERROR;
				CLANG_WARN_EMPTY_BODY = YES;
				CLANG_WARN_ENUM_CONVERSION = YES;
				CLANG_WARN_INT_CONVERSION = YES;
				CLANG_WARN_OBJC_ROOT_CLASS = YES_ERROR;
				CLANG_WARN_UNREACHABLE_CODE = YES;
				CLANG_WARN__DUPLICATE_METHOD_MATCH = YES;
				CODE_SIGN_IDENTITY = "-";
				COPY_PHASE_STRIP = NO;
				DEBUG_INFORMATION_FORMAT = "dwarf-with-dsym";
				ENABLE_NS_ASSERTIONS = NO;
				ENABLE_STRICT_OBJC_MSGSEND = YES;
				GCC_C_LANGUAGE_STANDARD = gnu99;
				GCC_NO_COMMON_BLOCKS = YES;
				GCC_WARN_64_TO_32_BIT_CONVERSION = YES;
				GCC_WARN_ABOUT_RETURN_TYPE = YES_ERROR;
				GCC_WARN_UNDECLARED_SELECTOR = YES;
				GCC_WARN_UNINITIALIZED_AUTOS = YES_AGGRESSIVE;
				GCC_WARN_UNUSED_FUNCTION = YES;
				GCC_WARN_UNUSED_VARIABLE = YES;
				MACOSX_DEPLOYMENT_TARGET = 10.10;
				MTL_ENABLE_DEBUG_INFO = NO;
				SDKROOT = macosx;
			};
			name = Release;
		};
		2995F88B1CBBDF27005B540C /* Debug */ = {
			isa = XCBuildConfiguration;
			buildSettings = {
				ASSETCATALOG_COMPILER_APPICON_NAME = AppIcon;
				COMBINE_HIDPI_IMAGES = YES;
				INFOPLIST_FILE = SwiftPad/Info.plist;
				LD_RUNPATH_SEARCH_PATHS = "$(inherited) @executable_path/../Frameworks";
				PRODUCT_BUNDLE_IDENTIFIER = com.smapps.SwiftPad;
				PRODUCT_NAME = "$(TARGET_NAME)";
			};
			name = Debug;
		};
		2995F88C1CBBDF27005B540C /* Release */ = {
			isa = XCBuildConfiguration;
			buildSettings = {
				ASSETCATALOG_COMPILER_APPICON_NAME = AppIcon;
				COMBINE_HIDPI_IMAGES = YES;
				INFOPLIST_FILE = SwiftPad/Info.plist;
				LD_RUNPATH_SEARCH_PATHS = "$(inherited) @executable_path/../Frameworks";
				PRODUCT_BUNDLE_IDENTIFIER = com.smapps.SwiftPad;
				PRODUCT_NAME = "$(TARGET_NAME)";
			};
			name = Release;
		};
		2995F88E1CBBDF27005B540C /* Debug */ = {
			isa = XCBuildConfiguration;
			buildSettings = {
				BUNDLE_LOADER = "$(TEST_HOST)";
				COMBINE_HIDPI_IMAGES = YES;
				INFOPLIST_FILE = SwiftPadTests/Info.plist;
				LD_RUNPATH_SEARCH_PATHS = "$(inherited) @executable_path/../Frameworks @loader_path/../Frameworks";
				PRODUCT_BUNDLE_IDENTIFIER = com.smapps.SwiftPadTests;
				PRODUCT_NAME = "$(TARGET_NAME)";
				TEST_HOST = "$(BUILT_PRODUCTS_DIR)/SwiftPad.app/Contents/MacOS/SwiftPad";
			};
			name = Debug;
		};
		2995F88F1CBBDF27005B540C /* Release */ = {
			isa = XCBuildConfiguration;
			buildSettings = {
				BUNDLE_LOADER = "$(TEST_HOST)";
				COMBINE_HIDPI_IMAGES = YES;
				INFOPLIST_FILE = SwiftPadTests/Info.plist;
				LD_RUNPATH_SEARCH_PATHS = "$(inherited) @executable_path/../Frameworks @loader_path/../Frameworks";
				PRODUCT_BUNDLE_IDENTIFIER = com.smapps.SwiftPadTests;
				PRODUCT_NAME = "$(TARGET_NAME)";
				TEST_HOST = "$(BUILT_PRODUCTS_DIR)/SwiftPad.app/Contents/MacOS/SwiftPad";
			};
			name = Release;
		};
		2995F8911CBBDF27005B540C /* Debug */ = {
			isa = XCBuildConfiguration;
			buildSettings = {
				COMBINE_HIDPI_IMAGES = YES;
				INFOPLIST_FILE = SwiftPadUITests/Info.plist;
				LD_RUNPATH_SEARCH_PATHS = "$(inherited) @executable_path/../Frameworks @loader_path/../Frameworks";
				PRODUCT_BUNDLE_IDENTIFIER = com.smapps.SwiftPadUITests;
				PRODUCT_NAME = "$(TARGET_NAME)";
				TEST_TARGET_NAME = SwiftPad;
				USES_XCTRUNNER = YES;
			};
			name = Debug;
		};
		2995F8921CBBDF27005B540C /* Release */ = {
			isa = XCBuildConfiguration;
			buildSettings = {
				COMBINE_HIDPI_IMAGES = YES;
				INFOPLIST_FILE = SwiftPadUITests/Info.plist;
				LD_RUNPATH_SEARCH_PATHS = "$(inherited) @executable_path/../Frameworks @loader_path/../Frameworks";
				PRODUCT_BUNDLE_IDENTIFIER = com.smapps.SwiftPadUITests;
				PRODUCT_NAME = "$(TARGET_NAME)";
				TEST_TARGET_NAME = SwiftPad;
				USES_XCTRUNNER = YES;
			};
			name = Release;
		};
/* End XCBuildConfiguration section */

/* Begin XCConfigurationList section */
		2995F8601CBBDF27005B540C /* Build configuration list for PBXProject "SwiftPad" */ = {
			isa = XCConfigurationList;
			buildConfigurations = (
				2995F8881CBBDF27005B540C /* Debug */,
				2995F8891CBBDF27005B540C /* Release */,
			);
			defaultConfigurationIsVisible = 0;
			defaultConfigurationName = Release;
		};
		2995F88A1CBBDF27005B540C /* Build configuration list for PBXNativeTarget "SwiftPad" */ = {
			isa = XCConfigurationList;
			buildConfigurations = (
				2995F88B1CBBDF27005B540C /* Debug */,
				2995F88C1CBBDF27005B540C /* Release */,
			);
			defaultConfigurationIsVisible = 0;
			defaultConfigurationName = Release;
		};
		2995F88D1CBBDF27005B540C /* Build configuration list for PBXNativeTarget "SwiftPadTests" */ = {
			isa = XCConfigurationList;
			buildConfigurations = (
				2995F88E1CBBDF27005B540C /* Debug */,
				2995F88F1CBBDF27005B540C /* Release */,
			);
			defaultConfigurationIsVisible = 0;
			defaultConfigurationName = Release;
		};
		2995F8901CBBDF27005B540C /* Build configuration list for PBXNativeTarget "SwiftPadUITests" */ = {
			isa = XCConfigurationList;
			buildConfigurations = (
				2995F8911CBBDF27005B540C /* Debug */,
				2995F8921CBBDF27005B540C /* Release */,
			);
			defaultConfigurationIsVisible = 0;
			defaultConfigurationName = Release;
		};
/* End XCConfigurationList section */
	};
	rootObject = 2995F85D1CBBDF27005B540C /* Project object */;
}
